Microsoft Visual Studio Solution File, Format Version 11.00
# Visual Studio 2015
Project("{40002CA4-9882-C3D8-E357-3D4CB68601A0}") = "DiddyBop_", "DiddyBop_.vcxproj", "{ADCD21A8-7BD3-3577-4C15-5A93A11656E6}"
EndProject
Global
	GlobalSection(SolutionConfigurationPlatforms) = preSolution
		Debug|Win32 = Debug|Win32
		Release|Win32 = Release|Win32
	EndGlobalSection
	GlobalSection(ProjectConfigurationPlatforms) = postSolution
		{ADCD21A8-7BD3-3577-4C15-5A93A11656E6}.Debug|Win32.ActiveCfg = Debug|Win32
		{ADCD21A8-7BD3-3577-4C15-5A93A11656E6}.Debug|Win32.Build.0 = Debug|Win32
		{ADCD21A8-7BD3-3577-4C15-5A93A11656E6}.Release|Win32.ActiveCfg = Release|Win32
		{ADCD21A8-7BD3-3577-4C15-5A93A11656E6}.Release|Win32.Build.0 = Release|Win32
	EndGlobalSection
	GlobalSection(SolutionProperties) = preSolution
		HideSolutionNode = FALSE
	EndGlobalSection
EndGlobal
